// !$*UTF8*$!
{
    archiveVersion = 1;
    classes = {
    };
    objectVersion = 77;
    objects = {
/* Begin PBXBuildFile section */
        C200000C000000000000000C /* VaneWidgets.appex in Embed App Extensions */ = {isa = PBXBuildFile; fileRef = C20000010000000000000001 /* VaneWidgets.appex */; settings = {ATTRIBUTES = (CodeSignOnCopy, RemoveHeadersOnCopy, ); }; };
        C20000100000000000000010 /* Vane/Assets.xcassets in Resources */ = {isa = PBXBuildFile; fileRef = C200000F000000000000000F /* Vane/Assets.xcassets */; };
        D300000C000000000000000C /* VaneWatch.app in Embed Watch Content */ = {isa = PBXBuildFile; fileRef = D30000010000000000000001 /* VaneWatch.app */; settings = {ATTRIBUTES = (RemoveHeadersOnCopy, ); }; };
        E400000C000000000000000C /* VaneWatchWidgets.appex in Embed Watch Extensions */ = {isa = PBXBuildFile; fileRef = E40000010000000000000001 /* VaneWatchWidgets.appex */; settings = {ATTRIBUTES = (CodeSignOnCopy, RemoveHeadersOnCopy, ); }; };
/* End PBXBuildFile section */
/* Begin PBXContainerItemProxy section */
        B100000C000000000000000C /* PBXContainerItemProxy */ = {
            isa = PBXContainerItemProxy;
            containerPortal = A49C43DD302E2A3B00654455 /* Project object */;
            proxyType = 1;
            remoteGlobalIDString = A49C43E4302E2A3B00654455;
            remoteInfo = Vane;
        };
        C200000D000000000000000D /* PBXContainerItemProxy */ = {
            isa = PBXContainerItemProxy;
            containerPortal = A49C43DD302E2A3B00654455 /* Project object */;
            proxyType = 1;
            remoteGlobalIDString = C20000070000000000000007;
            remoteInfo = VaneWidgets;
        };
        D300000D000000000000000D /* PBXContainerItemProxy */ = {
            isa = PBXContainerItemProxy;
            containerPortal = A49C43DD302E2A3B00654455 /* Project object */;
            proxyType = 1;
            remoteGlobalIDString = D30000070000000000000007;
            remoteInfo = VaneWatch;
        };
        E400000D000000000000000D /* PBXContainerItemProxy */ = {
            isa = PBXContainerItemProxy;
            containerPortal = A49C43DD302E2A3B00654455 /* Project object */;
            proxyType = 1;
            remoteGlobalIDString = E40000070000000000000007;
            remoteInfo = VaneWatchWidgets;
        };
/* End PBXContainerItemProxy section */
/* Begin PBXCopyFilesBuildPhase section */
        C200000B000000000000000B /* Embed App Extensions */ = {
            isa = PBXCopyFilesBuildPhase;
            dstPath = "";
            dstSubfolder = PlugIns;
            files = (
                C200000C000000000000000C /* VaneWidgets.appex in Embed App Extensions */,
            );
            name = "Embed App Extensions";
        };
        D300000B000000000000000B /* Embed Watch Content */ = {
            isa = PBXCopyFilesBuildPhase;
            dstPath = "$(CONTENTS_FOLDER_PATH)/Watch";
            dstSubfolder = Product;
            files = (
                D300000C000000000000000C /* VaneWatch.app in Embed Watch Content */,
            );
            name = "Embed Watch Content";
        };
        E400000B000000000000000B /* Embed Watch Extensions */ = {
            isa = PBXCopyFilesBuildPhase;
            dstPath = "";
            dstSubfolder = PlugIns;
            files = (
                E400000C000000000000000C /* VaneWatchWidgets.appex in Embed Watch Extensions */,
            );
            name = "Embed Watch Extensions";
        };
/* End PBXCopyFilesBuildPhase section */
/* Begin PBXFileReference section */
        A49C43E5302E2A3B00654455 /* Vane.app */ = {isa = PBXFileReference; explicitFileType = wrapper.application; includeInIndex = 0; path = Vane.app; sourceTree = BUILT_PRODUCTS_DIR; };
        B10000010000000000000001 /* VaneTests.xctest */ = {isa = PBXFileReference; explicitFileType = wrapper.cfbundle; includeInIndex = 0; path = VaneTests.xctest; sourceTree = BUILT_PRODUCTS_DIR; };
        C20000010000000000000001 /* VaneWidgets.appex */ = {isa = PBXFileReference; explicitFileType = "wrapper.app-extension"; includeInIndex = 0; path = VaneWidgets.appex; sourceTree = BUILT_PRODUCTS_DIR; };
        C200000F000000000000000F /* Vane/Assets.xcassets */ = {isa = PBXFileReference; lastKnownFileType = folder.assetcatalog; path = Vane/Assets.xcassets; sourceTree = SOURCE_ROOT; };
        D30000010000000000000001 /* VaneWatch.app */ = {isa = PBXFileReference; explicitFileType = wrapper.application; includeInIndex = 0; path = VaneWatch.app; sourceTree = BUILT_PRODUCTS_DIR; };
        E40000010000000000000001 /* VaneWatchWidgets.appex */ = {isa = PBXFileReference; explicitFileType = "wrapper.app-extension"; includeInIndex = 0; path = VaneWatchWidgets.appex; sourceTree = BUILT_PRODUCTS_DIR; };
/* End PBXFileReference section */
/* Begin PBXFileSystemSynchronizedBuildFileExceptionSet section */
        A493D3443037F28D00C94725 /* Exceptions for "Vane" folder in "Vane" target */ = {
            isa = PBXFileSystemSynchronizedBuildFileExceptionSet;
            membershipExceptions = (
                Vane.icon,
            );
            target = A49C43E4302E2A3B00654455 /* Vane */;
        };
        D30000130000000000000013 /* Exceptions for "VaneShared" folder in "VaneWatch" target */ = {
            isa = PBXFileSystemSynchronizedBuildFileExceptionSet;
            membershipExceptions = (
