// !$*UTF8*$!
{
	archiveVersion = 1;
	classes = {
	};
	objectVersion = 77;
	objects = {

/* Begin PBXBuildFile section */
		C200000C000000000000000C /* VaneWidgets.appex in Embed App Extensions */ = {isa = PBXBuildFile; fileRef = C20000010000000000000001 /* VaneWidgets.appex */; settings = {ATTRIBUTES = (CodeSignOnCopy, RemoveHeadersOnCopy, ); }; };
		C20000100000000000000010 /* Vane/Assets.xcassets in Resources */ = {isa = PBXBuildFile; fileRef = C200000F000000000000000F /* Vane/Assets.xcassets */; };
		D300000C000000000000000C /* VaneWatch.app in Embed Watch Content */ = {isa = PBXBuildFile; fileRef = D30000010000000000000001 /* VaneWatch.app */; settings = {ATTRIBUTES = (RemoveHeadersOnCopy, ); }; };
		D30000120000000000000012 /* Vane/Vane.icon in Resources */ = {isa = PBXBuildFile; fileRef = D30000110000000000000011 /* Vane/Vane.icon */; };
		E400000C000000000000000C /* VaneWatchWidgets.appex in Embed Watch Extensions */ = {isa = PBXBuildFile; fileRef = E40000010000000000000001 /* VaneWatchWidgets.appex */; settings = {ATTRIBUTES = (CodeSignOnCopy, RemoveHeadersOnCopy, ); }; };
/* End PBXBuildFile section */

/* Begin PBXContainerItemProxy section */
		B100000C000000000000000C /* PBXContainerItemProxy */ = {
			isa = PBXContainerItemProxy;
			containerPortal = A49C43DD302E2A3B00654455 /* Project object */;
			proxyType = 1;
			remoteGlobalIDString = A49C43E4302E2A3B00654455;
			remoteInfo = Vane;
		};
		C200000D000000000000000D /* PBXContainerItemProxy */ = {
			isa = PBXContainerItemProxy;
			containerPortal = A49C43DD302E2A3B00654455 /* Project object */;
			proxyType = 1;
			remoteGlobalIDString = C20000070000000000000007;
			remoteInfo = VaneWidgets;
		};
		D300000D000000000000000D /* PBXContainerItemProxy */ = {
			isa = PBXContainerItemProxy;
			containerPortal = A49C43DD302E2A3B00654455 /* Project object */;
			proxyType = 1;
			remoteGlobalIDString = D30000070000000000000007;
			remoteInfo = VaneWatch;
		};
		E400000D000000000000000D /* PBXContainerItemProxy */ = {
			isa = PBXContainerItemProxy;
			containerPortal = A49C43DD302E2A3B00654455 /* Project object */;
			proxyType = 1;
			remoteGlobalIDString = E40000070000000000000007;
			remoteInfo = VaneWatchWidgets;
		};
/* End PBXContainerItemProxy section */

/* Begin PBXCopyFilesBuildPhase section */
		C200000B000000000000000B /* Embed App Extensions */ = {
			isa = PBXCopyFilesBuildPhase;
			dstPath = "";
			dstSubfolder = PlugIns;
			files = (
				C200000C000000000000000C /* VaneWidgets.appex in Embed App Extensions */,
			);
			name = "Embed App Extensions";
		};
		D300000B000000000000000B /* Embed Watch Content */ = {
			isa = PBXCopyFilesBuildPhase;
			dstPath = "$(CONTENTS_FOLDER_PATH)/Watch";
			dstSubfolder = Product;
			files = (
				D300000C000000000000000C /* VaneWatch.app in Embed Watch Content */,
			);
			name = "Embed Watch Content";
		};
		E400000B000000000000000B /* Embed Watch Extensions */ = {
			isa = PBXCopyFilesBuildPhase;
			dstPath = "";
			dstSubfolder = PlugIns;
			files = (
				E400000C000000000000000C /* VaneWatchWidgets.appex in Embed Watch Extensions */,
			);
			name = "Embed Watch Extensions";
		};
/* End PBXCopyFilesBuildPhase section */

/* Begin PBXFileReference section */
		A49C43E5302E2A3B00654455 /* Vane.app */ = {isa = PBXFileReference; explicitFileType = wrapper.application; includeInIndex = 0; path = Vane.app; sourceTree = BUILT_PRODUCTS_DIR; };
		B10000010000000000000001 /* VaneTests.xctest */ = {isa = PBXFileReference; explicitFileType = wrapper.cfbundle; includeInIndex = 0; path = VaneTests.xctest; sourceTree = BUILT_PRODUCTS_DIR; };
		C20000010000000000000001 /* VaneWidgets.appex */ = {isa = PBXFileReference; explicitFileType = "wrapper.app-extension"; includeInIndex = 0; path = VaneWidgets.appex; sourceTree = BUILT_PRODUCTS_DIR; };
		C200000F000000000000000F /* Vane/Assets.xcassets */ = {isa = PBXFileReference; lastKnownFileType = folder.assetcatalog; path = Vane/Assets.xcassets; sourceTree = SOURCE_ROOT; };
		D30000010000000000000001 /* VaneWatch.app */ = {isa = PBXFileReference; explicitFileType = wrapper.application; includeInIndex = 0; path = VaneWatch.app; sourceTree = BUILT_PRODUCTS_DIR; };
		D30000110000000000000011 /* Vane/Vane.icon */ = {isa = PBXFileReference; lastKnownFileType = folder.iconcomposer.icon; path = Vane/Vane.icon; sourceTree = SOURCE_ROOT; };
		E40000010000000000000001 /* VaneWatchWidgets.appex */ = {isa = PBXFileReference; explicitFileType = "wrapper.app-extension"; includeInIndex = 0; path = VaneWatchWidgets.appex; sourceTree = BUILT_PRODUCTS_DIR; };
/* End PBXFileReference section */

/* Begin PBXFileSystemSynchronizedBuildFileExceptionSet section */
		D30000130000000000000013 /* Exceptions for "VaneShared" folder in "VaneWatch" target */ = {
			isa = PBXFileSystemSynchronizedBuildFileExceptionSet;
			membershipExceptions = (
				VaneWeatherActivityAttributes.swift,
				VaneWidgetViews.swift,
			);
			target = D30000070000000000000007 /* VaneWatch */;
		};
		E40000130000000000000013 /* Exceptions for "VaneShared" folder in "VaneWatchWidgets" target */ = {
			isa = PBXFileSystemSynchronizedBuildFileExceptionSet;
			membershipExceptions = (
				VaneWeatherActivityAttributes.swift,
				VaneWidgetViews.swift,
			);
			target = E40000070000000000000007 /* VaneWatchWidgets */;
		};
/* End PBXFileSystemSynchronizedBuildFileExceptionSet section */

/* Begin PBXFileSystemSynchronizedRootGroup section */
		A49C43E7302E2A3B00654455 /* Vane */ = {
			isa = PBXFileSystemSynchronizedRootGroup;
			path = Vane;
			sourceTree = "<group>";
		};
		B10000020000000000000002 /* VaneTests */ = {
			isa = PBXFileSystemSynchronizedRootGroup;
			path = VaneTests;
			sourceTree = "<group>";
		};
		C20000020000000000000002 /* VaneWidgets */ = {
			isa = PBXFileSystemSynchronizedRootGroup;
			path = VaneWidgets;
			sourceTree = "<group>";
		};
		C20000030000000000000003 /* VaneShared */ = {
			isa = PBXFileSystemSynchronizedRootGroup;
			exceptions = (
				D30000130000000000000013 /* Exceptions for "VaneShared" folder in "VaneWatch" target */,
				E40000130000000000000013 /* Exceptions for "VaneShared" folder in "VaneWatchWidgets" target */,
			);
			path = VaneShared;
			sourceTree = "<group>";
		};
		D30000020000000000000002 /* VaneWatch */ = {
			isa = PBXFileSystemSynchronizedRootGroup;
			path = VaneWatch;
			sourceTree = "<group>";
		};
		E40000020000000000000002 /* VaneWatchWidgets */ = {
			isa = PBXFileSystemSynchronizedRootGroup;
			path = VaneWatchWidgets;
			sourceTree = "<group>";
		};
/* End PBXFileSystemSynchronizedRootGroup section */

/* Begin PBXFrameworksBuildPhase section */
		A49C43E2302E2A3B00654455 /* Frameworks */ = {
			isa = PBXFrameworksBuildPhase;
			files = (
			);
		};
		B10000030000000000000003 /* Frameworks */ = {
			isa = PBXFrameworksBuildPhase;
			files = (
			);
		};
		C20000040000000000000004 /* Frameworks */ = {
			isa = PBXFrameworksBuildPhase;
			files = (
			);
		};
		D30000040000000000000004 /* Frameworks */ = {
			isa = PBXFrameworksBuildPhase;
			files = (
			);
		};
		E40000040000000000000004 /* Frameworks */ = {
			isa = PBXFrameworksBuildPhase;
			files = (
			);
		};
/* End PBXFrameworksBuildPhase section */

/* Begin PBXGroup section */
		A49C43DC302E2A3B00654455 = {
			isa = PBXGroup;
			children = (
				A49C43E7302E2A3B00654455 /* Vane */,
				C20000030000000000000003 /* VaneShared */,
				C20000020000000000000002 /* VaneWidgets */,
				D30000020000000000000002 /* VaneWatch */,
				E40000020000000000000002 /* VaneWatchWidgets */,
				B10000020000000000000002 /* VaneTests */,
				D30000110000000000000011 /* Vane/Vane.icon */,
				A49C43E6302E2A3B00654455 /* Products */,
				A4E6BAAF30379E9B008AD4F9 /* Recovered References */,
			);
			sourceTree = "<group>";
		};
		A49C43E6302E2A3B00654455 /* Products */ = {
			isa = PBXGroup;
			children = (
				A49C43E5302E2A3B00654455 /* Vane.app */,
				C20000010000000000000001 /* VaneWidgets.appex */,
				D30000010000000000000001 /* VaneWatch.app */,
				E40000010000000000000001 /* VaneWatchWidgets.appex */,
				B10000010000000000000001 /* VaneTests.xctest */,
			);
			name = Products;
			sourceTree = "<group>";
		};
		A4E6BAAF30379E9B008AD4F9 /* Recovered References */ = {
			isa = PBXGroup;
			children = (
				C200000F000000000000000F /* Vane/Assets.xcassets */,
			);
			name = "Recovered References";
			sourceTree = "<group>";
		};
/* End PBXGroup section */

/* Begin PBXNativeTarget section */
		A49C43E4302E2A3B00654455 /* Vane */ = {
			isa = PBXNativeTarget;
			buildConfigurationList = A49C43F2302E2A3C00654455 /* Build configuration list for PBXNativeTarget "Vane" */;
			buildPhases = (
				A49C43E1302E2A3B00654455 /* Sources */,
				A49C43E2302E2A3B00654455 /* Frameworks */,
				A49C43E3302E2A3B00654455 /* Resources */,
				C200000B000000000000000B /* Embed App Extensions */,
				D300000B000000000000000B /* Embed Watch Content */,
			);
			buildRules = (
			);
			dependencies = (
				C200000E000000000000000E /* PBXTargetDependency */,
				D300000E000000000000000E /* PBXTargetDependency */,
			);
			fileSystemSynchronizedGroups = (
				A49C43E7302E2A3B00654455 /* Vane */,
				C20000030000000000000003 /* VaneShared */,
			);
			name = Vane;
			productName = Vane;
			productReference = A49C43E5302E2A3B00654455 /* Vane.app */;
			productType = "com.apple.product-type.application";
		};
		B10000040000000000000004 /* VaneTests */ = {
			isa = PBXNativeTarget;
			buildConfigurationList = B100000B000000000000000B /* Build configuration list for PBXNativeTarget "VaneTests" */;
			buildPhases = (
				B10000060000000000000006 /* Sources */,
				B10000030000000000000003 /* Frameworks */,
				B10000050000000000000005 /* Resources */,
			);
			buildRules = (
			);
			dependencies = (
				B100000D000000000000000D /* PBXTargetDependency */,
			);
			fileSystemSynchronizedGroups = (
				B10000020000000000000002 /* VaneTests */,
			);
			name = VaneTests;
			productName = VaneTests;
			productReference = B10000010000000000000001 /* VaneTests.xctest */;
			productType = "com.apple.product-type.bundle.unit-test";
		};
		C20000070000000000000007 /* VaneWidgets */ = {
			isa = PBXNativeTarget;
			buildConfigurationList = C200000A000000000000000A /* Build configuration list for PBXNativeTarget "VaneWidgets" */;
			buildPhases = (
				C20000050000000000000005 /* Sources */,
				C20000040000000000000004 /* Frameworks */,
				C20000060000000000000006 /* Resources */,
			);
			buildRules = (
			);
			fileSystemSynchronizedGroups = (
				C20000020000000000000002 /* VaneWidgets */,
				C20000030000000000000003 /* VaneShared */,
			);
			name = VaneWidgets;
			productName = VaneWidgets;
			productReference = C20000010000000000000001 /* VaneWidgets.appex */;
			productType = "com.apple.product-type.app-extension";
		};
		D30000070000000000000007 /* VaneWatch */ = {
			isa = PBXNativeTarget;
			buildConfigurationList = D300000A000000000000000A /* Build configuration list for PBXNativeTarget "VaneWatch" */;
			buildPhases = (
				D30000050000000000000005 /* Sources */,
				D30000040000000000000004 /* Frameworks */,
				D30000060000000000000006 /* Resources */,
				E400000B000000000000000B /* Embed Watch Extensions */,
			);
			buildRules = (
			);
			dependencies = (
				E400000E000000000000000E /* PBXTargetDependency */,
			);
			fileSystemSynchronizedGroups = (
				C20000030000000000000003 /* VaneShared */,
				D30000020000000000000002 /* VaneWatch */,
			);
			name = VaneWatch;
			productName = VaneWatch;
			productReference = D30000010000000000000001 /* VaneWatch.app */;
			productType = "com.apple.product-type.application";
		};
		E40000070000000000000007 /* VaneWatchWidgets */ = {
			isa = PBXNativeTarget;
			buildConfigurationList = E400000A000000000000000A /* Build configuration list for PBXNativeTarget "VaneWatchWidgets" */;
			buildPhases = (
				E40000050000000000000005 /* Sources */,
				E40000040000000000000004 /* Frameworks */,
				E40000060000000000000006 /* Resources */,
			);
			buildRules = (
			);
			fileSystemSynchronizedGroups = (
				C20000030000000000000003 /* VaneShared */,
				E40000020000000000000002 /* VaneWatchWidgets */,
			);
			name = VaneWatchWidgets;
			productName = VaneWatchWidgets;
			productReference = E40000010000000000000001 /* VaneWatchWidgets.appex */;
			productType = "com.apple.product-type.app-extension";
		};
/* End PBXNativeTarget section */

/* Begin PBXProject section */
		A49C43DD302E2A3B00654455 /* Project object */ = {
			isa = PBXProject;
			attributes = {
				BuildIndependentTargetsInParallel = 1;
				LastSwiftUpdateCheck = 2700;
				LastUpgradeCheck = 2700;
				TargetAttributes = {
					A49C43E4302E2A3B00654455 = {
						CreatedOnToolsVersion = 27.0;
						SystemCapabilities = {
							com.apple.Push = {
								enabled = 1;
							};
							com.apple.iCloud = {
								enabled = 1;
							};
						};
					};
					B10000040000000000000004 = {
						CreatedOnToolsVersion = 27.0;
						TestTargetID = A49C43E4302E2A3B00654455;
					};
					C20000070000000000000007 = {
						CreatedOnToolsVersion = 27.0;
					};
					D30000070000000000000007 = {
						CreatedOnToolsVersion = 27.0;
					};
					E40000070000000000000007 = {
						CreatedOnToolsVersion = 27.0;
					};
				};
			};
			buildConfigurationList = A49C43E0302E2A3B00654455 /* Build configuration list for PBXProject "Vane" */;
			developmentRegion = en;
			hasScannedForEncodings = 0;
			knownRegions = (
				en,
				Base,
			);
			mainGroup = A49C43DC302E2A3B00654455;
			minimizedProjectReferenceProxies = 1;
			preferredProjectObjectVersion = 77;
			productRefGroup = A49C43E6302E2A3B00654455 /* Products */;
			projectDirPath = "";
			projectRoot = "";
			targets = (
				A49C43E4302E2A3B00654455 /* Vane */,
				C20000070000000000000007 /* VaneWidgets */,
				D30000070000000000000007 /* VaneWatch */,
				E40000070000000000000007 /* VaneWatchWidgets */,
				B10000040000000000000004 /* VaneTests */,
			);
		};
/* End PBXProject section */

/* Begin PBXResourcesBuildPhase section */
		A49C43E3302E2A3B00654455 /* Resources */ = {
			isa = PBXResourcesBuildPhase;
			files = (
			);
		};
		B10000050000000000000005 /* Resources */ = {
			isa = PBXResourcesBuildPhase;
			files = (
			);
		};
		C20000060000000000000006 /* Resources */ = {
			isa = PBXResourcesBuildPhase;
			files = (
				C20000100000000000000010 /* Vane/Assets.xcassets in Resources */,
			);
		};
		D30000060000000000000006 /* Resources */ = {
			isa = PBXResourcesBuildPhase;
			files = (
				D30000120000000000000012 /* Vane/Vane.icon in Resources */,
			);
		};
		E40000060000000000000006 /* Resources */ = {
			isa = PBXResourcesBuildPhase;
			files = (
			);
		};
/* End PBXResourcesBuildPhase section */

/* Begin PBXSourcesBuildPhase section */
		A49C43E1302E2A3B00654455 /* Sources */ = {
			isa = PBXSourcesBuildPhase;
			files = (
			);
		};
		B10000060000000000000006 /* Sources */ = {
			isa = PBXSourcesBuildPhase;
			files = (
			);
		};
		C20000050000000000000005 /* Sources */ = {
			isa = PBXSourcesBuildPhase;
			files = (
			);
		};
		D30000050000000000000005 /* Sources */ = {
			isa = PBXSourcesBuildPhase;
			files = (
			);
		};
		E40000050000000000000005 /* Sources */ = {
			isa = PBXSourcesBuildPhase;
			files = (
			);
		};
/* End PBXSourcesBuildPhase section */

/* Begin PBXTargetDependency section */
		B100000D000000000000000D /* PBXTargetDependency */ = {
			isa = PBXTargetDependency;
			target = A49C43E4302E2A3B00654455 /* Vane */;
			targetProxy = B100000C000000000000000C /* PBXContainerItemProxy */;
		};
		C200000E000000000000000E /* PBXTargetDependency */ = {
			isa = PBXTargetDependency;
			target = C20000070000000000000007 /* VaneWidgets */;
			targetProxy = C200000D000000000000000D /* PBXContainerItemProxy */;
		};
		D300000E000000000000000E /* PBXTargetDependency */ = {
			isa = PBXTargetDependency;
			target = D30000070000000000000007 /* VaneWatch */;
			targetProxy = D300000D000000000000000D /* PBXContainerItemProxy */;
		};
		E400000E000000000000000E /* PBXTargetDependency */ = {
			isa = PBXTargetDependency;
			target = E40000070000000000000007 /* VaneWatchWidgets */;
			targetProxy = E400000D000000000000000D /* PBXContainerItemProxy */;
		};
/* End PBXTargetDependency section */

/* Begin XCBuildConfiguration section */
		A49C43F0302E2A3C00654455 /* Debug configuration for PBXProject "Vane" */ = {
			isa = XCBuildConfiguration;
			buildSettings = {
				ALWAYS_SEARCH_USER_PATHS = NO;
				ASSETCATALOG_COMPILER_GENERATE_SWIFT_ASSET_SYMBOL_EXTENSIONS = YES;
				CLANG_ANALYZER_NONNULL = YES;
				CLANG_ANALYZER_NUMBER_OBJECT_CONVERSION = YES_AGGRESSIVE;
				CLANG_CXX_LANGUAGE_STANDARD = "gnu++20";
				CLANG_ENABLE_MODULES = YES;
				CLANG_ENABLE_OBJC_ARC = YES;
				CLANG_ENABLE_OBJC_WEAK = YES;
				CLANG_WARN_BLOCK_CAPTURE_AUTORELEASING = YES;
				CLANG_WARN_BOOL_CONVERSION = YES;
				CLANG_WARN_COMMA = YES;
				CLANG_WARN_CONSTANT_CONVERSION = YES;
				CLANG_WARN_DEPRECATED_OBJC_IMPLEMENTATIONS = YES;
				CLANG_WARN_DIRECT_OBJC_ISA_USAGE = YES_ERROR;
				CLANG_WARN_DOCUMENTATION_COMMENTS = YES;
				CLANG_WARN_EMPTY_BODY = YES;
				CLANG_WARN_ENUM_CONVERSION = YES;
				CLANG_WARN_INFINITE_RECURSION = YES;
				CLANG_WARN_INT_CONVERSION = YES;
				CLANG_WARN_NON_LITERAL_NULL_CONVERSION = YES;
				CLANG_WARN_OBJC_IMPLICIT_RETAIN_SELF = YES;
				CLANG_WARN_OBJC_LITERAL_CONVERSION = YES;
				CLANG_WARN_OBJC_ROOT_CLASS = YES_ERROR;
				CLANG_WARN_QUOTED_INCLUDE_IN_FRAMEWORK_HEADER = YES;
				CLANG_WARN_RANGE_LOOP_ANALYSIS = YES;
				CLANG_WARN_STRICT_PROTOTYPES = YES;
				CLANG_WARN_SUSPICIOUS_MOVE = YES;
				CLANG_WARN_UNGUARDED_AVAILABILITY = YES_AGGRESSIVE;
				CLANG_WARN_UNREACHABLE_CODE = YES;
				CLANG_WARN__DUPLICATE_METHOD_MATCH = YES;
				COPY_PHASE_STRIP = NO;
				DEBUG_INFORMATION_FORMAT = dwarf;
				DEVELOPMENT_TEAM = 5KFXU6Q8VM;
				ENABLE_STRICT_OBJC_MSGSEND = YES;
				ENABLE_TESTABILITY = YES;
				ENABLE_USER_SCRIPT_SANDBOXING = YES;
				GCC_C_LANGUAGE_STANDARD = gnu17;
				GCC_DYNAMIC_NO_PIC = NO;
				GCC_NO_COMMON_BLOCKS = YES;
				GCC_OPTIMIZATION_LEVEL = 0;
				GCC_PREPROCESSOR_DEFINITIONS = (
					"DEBUG=1",
					"$(inherited)",
				);
				GCC_WARN_64_TO_32_BIT_CONVERSION = YES;
				GCC_WARN_ABOUT_RETURN_TYPE = YES_ERROR;
				GCC_WARN_UNDECLARED_SELECTOR = YES;
				GCC_WARN_UNINITIALIZED_AUTOS = YES_AGGRESSIVE;
				GCC_WARN_UNUSED_FUNCTION = YES;
				GCC_WARN_UNUSED_VARIABLE = YES;
				IPHONEOS_DEPLOYMENT_TARGET = 26.0;
				LOCALIZATION_PREFERS_STRING_CATALOGS = YES;
				MTL_ENABLE_DEBUG_INFO = INCLUDE_SOURCE;
				MTL_FAST_MATH = YES;
				ONLY_ACTIVE_ARCH = YES;
				SDKROOT = iphoneos;
				SWIFT_ACTIVE_COMPILATION_CONDITIONS = "DEBUG $(inherited)";
				SWIFT_OPTIMIZATION_LEVEL = "-Onone";
			};
			name = Debug;
		};
		A49C43F1302E2A3C00654455 /* Release configuration for PBXProject "Vane" */ = {
			isa = XCBuildConfiguration;
			buildSettings = {
				ALWAYS_SEARCH_USER_PATHS = NO;
				ASSETCATALOG_COMPILER_GENERATE_SWIFT_ASSET_SYMBOL_EXTENSIONS = YES;
				CLANG_ANALYZER_NONNULL = YES;
				CLANG_ANALYZER_NUMBER_OBJECT_CONVERSION = YES_AGGRESSIVE;
				CLANG_CXX_LANGUAGE_STANDARD = "gnu++20";
				CLANG_ENABLE_MODULES = YES;
				CLANG_ENABLE_OBJC_ARC = YES;
				CLANG_ENABLE_OBJC_WEAK = YES;
				CLANG_WARN_BLOCK_CAPTURE_AUTORELEASING = YES;
				CLANG_WARN_BOOL_CONVERSION = YES;
				CLANG_WARN_COMMA = YES;
				CLANG_WARN_CONSTANT_CONVERSION = YES;
				CLANG_WARN_DEPRECATED_OBJC_IMPLEMENTATIONS = YES;
				CLANG_WARN_DIRECT_OBJC_ISA_USAGE = YES_ERROR;
				CLANG_WARN_DOCUMENTATION_COMMENTS = YES;
				CLANG_WARN_EMPTY_BODY = YES;
				CLANG_WARN_ENUM_CONVERSION = YES;
				CLANG_WARN_INFINITE_RECURSION = YES;
				CLANG_WARN_INT_CONVERSION = YES;
				CLANG_WARN_NON_LITERAL_NULL_CONVERSION = YES;
				CLANG_WARN_OBJC_IMPLICIT_RETAIN_SELF = YES;
				CLANG_WARN_OBJC_LITERAL_CONVERSION = YES;
				CLANG_WARN_OBJC_ROOT_CLASS = YES_ERROR;
				CLANG_WARN_QUOTED_INCLUDE_IN_FRAMEWORK_HEADER = YES;
				CLANG_WARN_RANGE_LOOP_ANALYSIS = YES;
				CLANG_WARN_STRICT_PROTOTYPES = YES;
				CLANG_WARN_SUSPICIOUS_MOVE = YES;
				CLANG_WARN_UNGUARDED_AVAILABILITY = YES_AGGRESSIVE;
				CLANG_WARN_UNREACHABLE_CODE = YES;
				CLANG_WARN__DUPLICATE_METHOD_MATCH = YES;
				COPY_PHASE_STRIP = NO;
				DEBUG_INFORMATION_FORMAT = "dwarf-with-dsym";
				DEVELOPMENT_TEAM = 5KFXU6Q8VM;
				ENABLE_NS_ASSERTIONS = NO;
				ENABLE_STRICT_OBJC_MSGSEND = YES;
				ENABLE_USER_SCRIPT_SANDBOXING = YES;
				GCC_C_LANGUAGE_STANDARD = gnu17;
				GCC_NO_COMMON_BLOCKS = YES;
				GCC_WARN_64_TO_32_BIT_CONVERSION = YES;
				GCC_WARN_ABOUT_RETURN_TYPE = YES_ERROR;
				GCC_WARN_UNDECLARED_SELECTOR = YES;
				GCC_WARN_UNINITIALIZED_AUTOS = YES_AGGRESSIVE;
				GCC_WARN_UNUSED_FUNCTION = YES;
				GCC_WARN_UNUSED_VARIABLE = YES;
				IPHONEOS_DEPLOYMENT_TARGET = 26.0;
				LOCALIZATION_PREFERS_STRING_CATALOGS = YES;
				MTL_ENABLE_DEBUG_INFO = NO;
				MTL_FAST_MATH = YES;
				SDKROOT = iphoneos;
				SWIFT_COMPILATION_MODE = wholemodule;
				VALIDATE_PRODUCT = YES;
			};
			name = Release;
		};
		A49C43F3302E2A3C00654455 /* Debug configuration for PBXNativeTarget "Vane" */ = {
			isa = XCBuildConfiguration;
			buildSettings = {
				ASSETCATALOG_COMPILER_APPICON_NAME = Vane;
				ASSETCATALOG_COMPILER_GLOBAL_ACCENT_COLOR_NAME = AccentColor;
				CODE_SIGN_ENTITLEMENTS = Vane/Vane.entitlements;
				CODE_SIGN_STYLE = Automatic;
				CURRENT_PROJECT_VERSION = 5;
				DEVELOPMENT_TEAM = 5KFXU6Q8VM;
				ENABLE_PREVIEWS = YES;
				GENERATE_INFOPLIST_FILE = NO;
				INFOPLIST_FILE = "Vane-Info.plist";
				INFOPLIST_KEY_BGTaskSchedulerPermittedIdentifiers = "com.codearc.vane.weather-refresh";
				INFOPLIST_KEY_CFBundleDisplayName = Vane;
				INFOPLIST_KEY_LSApplicationCategoryType = "public.app-category.weather";
				INFOPLIST_KEY_NSLocationWhenInUseUsageDescription = "Vane uses your location to show the weather where you are.";
				INFOPLIST_KEY_UIApplicationSceneManifest_Generation = YES;
				INFOPLIST_KEY_UIApplicationSupportsIndirectInputEvents = YES;
				INFOPLIST_KEY_UIBackgroundModes = fetch;
				INFOPLIST_KEY_UILaunchScreen_Generation = YES;
				INFOPLIST_KEY_UISupportedInterfaceOrientations_iPad = "UIInterfaceOrientationPortrait UIInterfaceOrientationPortraitUpsideDown UIInterfaceOrientationLandscapeLeft UIInterfaceOrientationLandscapeRight";
				INFOPLIST_KEY_UISupportedInterfaceOrientations_iPhone = UIInterfaceOrientationPortrait;
				IPHONEOS_DEPLOYMENT_TARGET = 26.0;
				LD_RUNPATH_SEARCH_PATHS = (
					"$(inherited)",
					"@executable_path/Frameworks",
				);
				MARKETING_VERSION = 1.0;
				PRODUCT_BUNDLE_IDENTIFIER = com.codearc.vane;
				PRODUCT_NAME = "$(TARGET_NAME)";
				STRING_CATALOG_GENERATE_SYMBOLS = YES;
				SUPPORTED_PLATFORMS = "iphoneos iphonesimulator";
				SUPPORTS_MACCATALYST = NO;
				SUPPORTS_MAC_DESIGNED_FOR_IPHONE_IPAD = NO;
				SUPPORTS_XR_DESIGNED_FOR_IPHONE_IPAD = NO;
				SWIFT_APPROACHABLE_CONCURRENCY = YES;
				SWIFT_DEFAULT_ACTOR_ISOLATION = MainActor;
				SWIFT_EMIT_LOC_STRINGS = YES;
				SWIFT_STRICT_CONCURRENCY = complete;
				SWIFT_UPCOMING_FEATURE_MEMBER_IMPORT_VISIBILITY = YES;
				SWIFT_VERSION = 6.0;
				TARGETED_DEVICE_FAMILY = "1,2";
				VANE_ICLOUD_CONTAINER_ENVIRONMENT = Development;
			};
			name = Debug;
		};
		A49C43F4302E2A3C00654455 /* Release configuration for PBXNativeTarget "Vane" */ = {
			isa = XCBuildConfiguration;
			buildSettings = {
				ASSETCATALOG_COMPILER_APPICON_NAME = Vane;
				ASSETCATALOG_COMPILER_GLOBAL_ACCENT_COLOR_NAME = AccentColor;
				CODE_SIGN_ENTITLEMENTS = Vane/Vane.entitlements;
				CODE_SIGN_STYLE = Automatic;
				CURRENT_PROJECT_VERSION = 5;
				DEVELOPMENT_TEAM = 5KFXU6Q8VM;
				ENABLE_PREVIEWS = YES;
				GENERATE_INFOPLIST_FILE = NO;
				INFOPLIST_FILE = "Vane-Info.plist";
				INFOPLIST_KEY_BGTaskSchedulerPermittedIdentifiers = "com.codearc.vane.weather-refresh";
				INFOPLIST_KEY_CFBundleDisplayName = Vane;
				INFOPLIST_KEY_LSApplicationCategoryType = "public.app-category.weather";
				INFOPLIST_KEY_NSLocationWhenInUseUsageDescription = "Vane uses your location to show the weather where you are.";
				INFOPLIST_KEY_UIApplicationSceneManifest_Generation = YES;
				INFOPLIST_KEY_UIApplicationSupportsIndirectInputEvents = YES;
				INFOPLIST_KEY_UIBackgroundModes = fetch;
				INFOPLIST_KEY_UILaunchScreen_Generation = YES;
				INFOPLIST_KEY_UISupportedInterfaceOrientations_iPad = "UIInterfaceOrientationPortrait UIInterfaceOrientationPortraitUpsideDown UIInterfaceOrientationLandscapeLeft UIInterfaceOrientationLandscapeRight";
				INFOPLIST_KEY_UISupportedInterfaceOrientations_iPhone = UIInterfaceOrientationPortrait;
				IPHONEOS_DEPLOYMENT_TARGET = 26.0;
				LD_RUNPATH_SEARCH_PATHS = (
					"$(inherited)",
					"@executable_path/Frameworks",
				);
				MARKETING_VERSION = 1.0;
				PRODUCT_BUNDLE_IDENTIFIER = com.codearc.vane;
				PRODUCT_NAME = "$(TARGET_NAME)";
				STRING_CATALOG_GENERATE_SYMBOLS = YES;
				SUPPORTED_PLATFORMS = "iphoneos iphonesimulator";
				SUPPORTS_MACCATALYST = NO;
				SUPPORTS_MAC_DESIGNED_FOR_IPHONE_IPAD = NO;
				SUPPORTS_XR_DESIGNED_FOR_IPHONE_IPAD = NO;
				SWIFT_APPROACHABLE_CONCURRENCY = YES;
				SWIFT_DEFAULT_ACTOR_ISOLATION = MainActor;
				SWIFT_EMIT_LOC_STRINGS = YES;
				SWIFT_STRICT_CONCURRENCY = complete;
				SWIFT_UPCOMING_FEATURE_MEMBER_IMPORT_VISIBILITY = YES;
				SWIFT_VERSION = 6.0;
				TARGETED_DEVICE_FAMILY = "1,2";
				VANE_ICLOUD_CONTAINER_ENVIRONMENT = Production;
			};
			name = Release;
		};
		B10000070000000000000007 /* Debug configuration for PBXNativeTarget "VaneTests" */ = {
			isa = XCBuildConfiguration;
			buildSettings = {
				BUNDLE_LOADER = "$(TEST_HOST)";
				CODE_SIGN_STYLE = Automatic;
				CURRENT_PROJECT_VERSION = 2;
				DEVELOPMENT_TEAM = 5KFXU6Q8VM;
				GENERATE_INFOPLIST_FILE = YES;
				IPHONEOS_DEPLOYMENT_TARGET = 26.0;
				MARKETING_VERSION = 1.0;
				PRODUCT_BUNDLE_IDENTIFIER = com.codearc.vane.tests;
				PRODUCT_NAME = "$(TARGET_NAME)";
				SDKROOT = iphoneos;
				SUPPORTED_PLATFORMS = "iphoneos iphonesimulator";
				SWIFT_STRICT_CONCURRENCY = complete;
				SWIFT_VERSION = 6.0;
				TARGETED_DEVICE_FAMILY = 1;
				TEST_HOST = "$(BUILT_PRODUCTS_DIR)/Vane.app/$(BUNDLE_EXECUTABLE_FOLDER_PATH)/Vane";
			};
			name = Debug;
		};
		B10000080000000000000008 /* Release configuration for PBXNativeTarget "VaneTests" */ = {
			isa = XCBuildConfiguration;
			buildSettings = {
				BUNDLE_LOADER = "$(TEST_HOST)";
				CODE_SIGN_STYLE = Automatic;
				CURRENT_PROJECT_VERSION = 2;
				DEVELOPMENT_TEAM = 5KFXU6Q8VM;
				GENERATE_INFOPLIST_FILE = YES;
				IPHONEOS_DEPLOYMENT_TARGET = 26.0;
				MARKETING_VERSION = 1.0;
				PRODUCT_BUNDLE_IDENTIFIER = com.codearc.vane.tests;
				PRODUCT_NAME = "$(TARGET_NAME)";
				SDKROOT = iphoneos;
				SUPPORTED_PLATFORMS = "iphoneos iphonesimulator";
				SWIFT_STRICT_CONCURRENCY = complete;
				SWIFT_VERSION = 6.0;
				TARGETED_DEVICE_FAMILY = 1;
				TEST_HOST = "$(BUILT_PRODUCTS_DIR)/Vane.app/$(BUNDLE_EXECUTABLE_FOLDER_PATH)/Vane";
			};
			name = Release;
		};
		C20000080000000000000008 /* Debug configuration for PBXNativeTarget "VaneWidgets" */ = {
			isa = XCBuildConfiguration;
			buildSettings = {
				APPLICATION_EXTENSION_API_ONLY = YES;
				CODE_SIGN_ENTITLEMENTS = VaneWidgets/VaneWidgets.entitlements;
				CODE_SIGN_STYLE = Automatic;
				CURRENT_PROJECT_VERSION = 5;
				DEVELOPMENT_TEAM = 5KFXU6Q8VM;
				ENABLE_PREVIEWS = YES;
				GENERATE_INFOPLIST_FILE = NO;
				INFOPLIST_FILE = "VaneWidgets-Info.plist";
				INFOPLIST_KEY_CFBundleDisplayName = Vane;
				IPHONEOS_DEPLOYMENT_TARGET = 26.0;
				LD_RUNPATH_SEARCH_PATHS = (
					"$(inherited)",
					"@executable_path/Frameworks",
					"@executable_path/../../Frameworks",
				);
				MARKETING_VERSION = 1.0;
				PRODUCT_BUNDLE_IDENTIFIER = com.codearc.vane.widgets;
				PRODUCT_NAME = "$(TARGET_NAME)";
				SKIP_INSTALL = YES;
				STRING_CATALOG_GENERATE_SYMBOLS = YES;
				SUPPORTED_PLATFORMS = "iphoneos iphonesimulator";
				SWIFT_APPROACHABLE_CONCURRENCY = YES;
				SWIFT_DEFAULT_ACTOR_ISOLATION = MainActor;
				SWIFT_EMIT_LOC_STRINGS = YES;
				SWIFT_STRICT_CONCURRENCY = complete;
				SWIFT_UPCOMING_FEATURE_MEMBER_IMPORT_VISIBILITY = YES;
				SWIFT_VERSION = 6.0;
				TARGETED_DEVICE_FAMILY = "1,2";
			};
			name = Debug;
		};
		C20000090000000000000009 /* Release configuration for PBXNativeTarget "VaneWidgets" */ = {
			isa = XCBuildConfiguration;
			buildSettings = {
				APPLICATION_EXTENSION_API_ONLY = YES;
				CODE_SIGN_ENTITLEMENTS = VaneWidgets/VaneWidgets.entitlements;
				CODE_SIGN_STYLE = Automatic;
				CURRENT_PROJECT_VERSION = 5;
				DEVELOPMENT_TEAM = 5KFXU6Q8VM;
				ENABLE_PREVIEWS = YES;
				GENERATE_INFOPLIST_FILE = NO;
				INFOPLIST_FILE = "VaneWidgets-Info.plist";
				INFOPLIST_KEY_CFBundleDisplayName = Vane;
				IPHONEOS_DEPLOYMENT_TARGET = 26.0;
				LD_RUNPATH_SEARCH_PATHS = (
					"$(inherited)",
					"@executable_path/Frameworks",
					"@executable_path/../../Frameworks",
				);
				MARKETING_VERSION = 1.0;
				PRODUCT_BUNDLE_IDENTIFIER = com.codearc.vane.widgets;
				PRODUCT_NAME = "$(TARGET_NAME)";
				SKIP_INSTALL = YES;
				STRING_CATALOG_GENERATE_SYMBOLS = YES;
				SUPPORTED_PLATFORMS = "iphoneos iphonesimulator";
				SWIFT_APPROACHABLE_CONCURRENCY = YES;
				SWIFT_DEFAULT_ACTOR_ISOLATION = MainActor;
				SWIFT_EMIT_LOC_STRINGS = YES;
				SWIFT_STRICT_CONCURRENCY = complete;
				SWIFT_UPCOMING_FEATURE_MEMBER_IMPORT_VISIBILITY = YES;
				SWIFT_VERSION = 6.0;
				TARGETED_DEVICE_FAMILY = "1,2";
			};
			name = Release;
		};
		D30000080000000000000008 /* Debug configuration for PBXNativeTarget "VaneWatch" */ = {
			isa = XCBuildConfiguration;
			buildSettings = {
				ASSETCATALOG_COMPILER_APPICON_NAME = WatchAppIcon;
				CODE_SIGN_ENTITLEMENTS = VaneWatch/VaneWatch.entitlements;
				CODE_SIGN_STYLE = Automatic;
				CURRENT_PROJECT_VERSION = 5;
				DEVELOPMENT_TEAM = 5KFXU6Q8VM;
				ENABLE_PREVIEWS = YES;
				GENERATE_INFOPLIST_FILE = YES;
				INFOPLIST_KEY_CFBundleDisplayName = Vane;
				INFOPLIST_KEY_UISupportedInterfaceOrientations = "UIInterfaceOrientationPortrait UIInterfaceOrientationPortraitUpsideDown";
				INFOPLIST_KEY_WKApplication = YES;
				INFOPLIST_KEY_WKCompanionAppBundleIdentifier = com.codearc.vane;
				LD_RUNPATH_SEARCH_PATHS = (
					"$(inherited)",
					"@executable_path/Frameworks",
				);
				MARKETING_VERSION = 1.0;
				PRODUCT_BUNDLE_IDENTIFIER = com.codearc.vane.watchkitapp;
				PRODUCT_NAME = "$(TARGET_NAME)";
				SDKROOT = watchos;
				SKIP_INSTALL = YES;
				STRING_CATALOG_GENERATE_SYMBOLS = YES;
				SUPPORTED_PLATFORMS = "watchos watchsimulator";
				SWIFT_APPROACHABLE_CONCURRENCY = YES;
				SWIFT_DEFAULT_ACTOR_ISOLATION = MainActor;
				SWIFT_EMIT_LOC_STRINGS = YES;
				SWIFT_STRICT_CONCURRENCY = complete;
				SWIFT_UPCOMING_FEATURE_MEMBER_IMPORT_VISIBILITY = YES;
				SWIFT_VERSION = 6.0;
				TARGETED_DEVICE_FAMILY = 4;
				WATCHOS_DEPLOYMENT_TARGET = 26.0;
			};
			name = Debug;
		};
		D30000090000000000000009 /* Release configuration for PBXNativeTarget "VaneWatch" */ = {
			isa = XCBuildConfiguration;
			buildSettings = {
				ASSETCATALOG_COMPILER_APPICON_NAME = WatchAppIcon;
				CODE_SIGN_ENTITLEMENTS = VaneWatch/VaneWatch.entitlements;
				CODE_SIGN_STYLE = Automatic;
				CURRENT_PROJECT_VERSION = 5;
				DEVELOPMENT_TEAM = 5KFXU6Q8VM;
				ENABLE_PREVIEWS = YES;
				GENERATE_INFOPLIST_FILE = YES;
				INFOPLIST_KEY_CFBundleDisplayName = Vane;
				INFOPLIST_KEY_UISupportedInterfaceOrientations = "UIInterfaceOrientationPortrait UIInterfaceOrientationPortraitUpsideDown";
				INFOPLIST_KEY_WKApplication = YES;
				INFOPLIST_KEY_WKCompanionAppBundleIdentifier = com.codearc.vane;
				LD_RUNPATH_SEARCH_PATHS = (
					"$(inherited)",
					"@executable_path/Frameworks",
				);
				MARKETING_VERSION = 1.0;
				PRODUCT_BUNDLE_IDENTIFIER = com.codearc.vane.watchkitapp;
				PRODUCT_NAME = "$(TARGET_NAME)";
				SDKROOT = watchos;
				SKIP_INSTALL = YES;
				STRING_CATALOG_GENERATE_SYMBOLS = YES;
				SUPPORTED_PLATFORMS = "watchos watchsimulator";
				SWIFT_APPROACHABLE_CONCURRENCY = YES;
				SWIFT_DEFAULT_ACTOR_ISOLATION = MainActor;
				SWIFT_EMIT_LOC_STRINGS = YES;
				SWIFT_STRICT_CONCURRENCY = complete;
				SWIFT_UPCOMING_FEATURE_MEMBER_IMPORT_VISIBILITY = YES;
				SWIFT_VERSION = 6.0;
				TARGETED_DEVICE_FAMILY = 4;
				WATCHOS_DEPLOYMENT_TARGET = 26.0;
			};
			name = Release;
		};
		E40000080000000000000008 /* Debug configuration for PBXNativeTarget "VaneWatchWidgets" */ = {
			isa = XCBuildConfiguration;
			buildSettings = {
				APPLICATION_EXTENSION_API_ONLY = YES;
				CODE_SIGN_ENTITLEMENTS = VaneWatchWidgets/VaneWatchWidgets.entitlements;
				CODE_SIGN_STYLE = Automatic;
				CURRENT_PROJECT_VERSION = 5;
				DEVELOPMENT_TEAM = 5KFXU6Q8VM;
				ENABLE_PREVIEWS = YES;
				GENERATE_INFOPLIST_FILE = NO;
				INFOPLIST_FILE = "VaneWatchWidgets-Info.plist";
				INFOPLIST_KEY_CFBundleDisplayName = Vane;
				LD_RUNPATH_SEARCH_PATHS = (
					"$(inherited)",
					"@executable_path/Frameworks",
					"@executable_path/../../Frameworks",
					"@executable_path/../../../../Frameworks",
				);
				MARKETING_VERSION = 1.0;
				PRODUCT_BUNDLE_IDENTIFIER = com.codearc.vane.watchkitapp.widgets;
				PRODUCT_NAME = "$(TARGET_NAME)";
				SDKROOT = watchos;
				SKIP_INSTALL = YES;
				STRING_CATALOG_GENERATE_SYMBOLS = YES;
				SUPPORTED_PLATFORMS = "watchos watchsimulator";
				SWIFT_APPROACHABLE_CONCURRENCY = YES;
				SWIFT_DEFAULT_ACTOR_ISOLATION = MainActor;
				SWIFT_EMIT_LOC_STRINGS = YES;
				SWIFT_STRICT_CONCURRENCY = complete;
				SWIFT_UPCOMING_FEATURE_MEMBER_IMPORT_VISIBILITY = YES;
				SWIFT_VERSION = 6.0;
				TARGETED_DEVICE_FAMILY = 4;
				WATCHOS_DEPLOYMENT_TARGET = 26.0;
			};
			name = Debug;
		};
		E40000090000000000000009 /* Release configuration for PBXNativeTarget "VaneWatchWidgets" */ = {
			isa = XCBuildConfiguration;
			buildSettings = {
				APPLICATION_EXTENSION_API_ONLY = YES;
				CODE_SIGN_ENTITLEMENTS = VaneWatchWidgets/VaneWatchWidgets.entitlements;
				CODE_SIGN_STYLE = Automatic;
				CURRENT_PROJECT_VERSION = 5;
				DEVELOPMENT_TEAM = 5KFXU6Q8VM;
				ENABLE_PREVIEWS = YES;
				GENERATE_INFOPLIST_FILE = NO;
				INFOPLIST_FILE = "VaneWatchWidgets-Info.plist";
				INFOPLIST_KEY_CFBundleDisplayName = Vane;
				LD_RUNPATH_SEARCH_PATHS = (
					"$(inherited)",
					"@executable_path/Frameworks",
					"@executable_path/../../Frameworks",
					"@executable_path/../../../../Frameworks",
				);
				MARKETING_VERSION = 1.0;
				PRODUCT_BUNDLE_IDENTIFIER = com.codearc.vane.watchkitapp.widgets;
				PRODUCT_NAME = "$(TARGET_NAME)";
				SDKROOT = watchos;
				SKIP_INSTALL = YES;
				STRING_CATALOG_GENERATE_SYMBOLS = YES;
				SUPPORTED_PLATFORMS = "watchos watchsimulator";
				SWIFT_APPROACHABLE_CONCURRENCY = YES;
				SWIFT_DEFAULT_ACTOR_ISOLATION = MainActor;
				SWIFT_EMIT_LOC_STRINGS = YES;
				SWIFT_STRICT_CONCURRENCY = complete;
				SWIFT_UPCOMING_FEATURE_MEMBER_IMPORT_VISIBILITY = YES;
				SWIFT_VERSION = 6.0;
				TARGETED_DEVICE_FAMILY = 4;
				WATCHOS_DEPLOYMENT_TARGET = 26.0;
			};
			name = Release;
		};
/* End XCBuildConfiguration section */

/* Begin XCConfigurationList section */
		A49C43E0302E2A3B00654455 /* Build configuration list for PBXProject "Vane" */ = {
			isa = XCConfigurationList;
			buildConfigurations = (
				A49C43F0302E2A3C00654455 /* Debug configuration for PBXProject "Vane" */,
				A49C43F1302E2A3C00654455 /* Release configuration for PBXProject "Vane" */,
			);
			defaultConfigurationName = Release;
		};
		A49C43F2302E2A3C00654455 /* Build configuration list for PBXNativeTarget "Vane" */ = {
			isa = XCConfigurationList;
			buildConfigurations = (
				A49C43F3302E2A3C00654455 /* Debug configuration for PBXNativeTarget "Vane" */,
				A49C43F4302E2A3C00654455 /* Release configuration for PBXNativeTarget "Vane" */,
			);
			defaultConfigurationName = Release;
		};
		B100000B000000000000000B /* Build configuration list for PBXNativeTarget "VaneTests" */ = {
			isa = XCConfigurationList;
			buildConfigurations = (
				B10000070000000000000007 /* Debug configuration for PBXNativeTarget "VaneTests" */,
				B10000080000000000000008 /* Release configuration for PBXNativeTarget "VaneTests" */,
			);
			defaultConfigurationName = Release;
		};
		C200000A000000000000000A /* Build configuration list for PBXNativeTarget "VaneWidgets" */ = {
			isa = XCConfigurationList;
			buildConfigurations = (
				C20000080000000000000008 /* Debug configuration for PBXNativeTarget "VaneWidgets" */,
				C20000090000000000000009 /* Release configuration for PBXNativeTarget "VaneWidgets" */,
			);
			defaultConfigurationName = Release;
		};
		D300000A000000000000000A /* Build configuration list for PBXNativeTarget "VaneWatch" */ = {
			isa = XCConfigurationList;
			buildConfigurations = (
				D30000080000000000000008 /* Debug configuration for PBXNativeTarget "VaneWatch" */,
				D30000090000000000000009 /* Release configuration for PBXNativeTarget "VaneWatch" */,
			);
			defaultConfigurationName = Release;
		};
		E400000A000000000000000A /* Build configuration list for PBXNativeTarget "VaneWatchWidgets" */ = {
			isa = XCConfigurationList;
			buildConfigurations = (
				E40000080000000000000008 /* Debug configuration for PBXNativeTarget "VaneWatchWidgets" */,
				E40000090000000000000009 /* Release configuration for PBXNativeTarget "VaneWatchWidgets" */,
			);
			defaultConfigurationName = Release;
		};
/* End XCConfigurationList section */
	};
	rootObject = A49C43DD302E2A3B00654455 /* Project object */;
	validationLevel = 1;
}
